
Microsoft Visual Studio Solution File, Format Version 12.00
# Visual Studio 15
VisualStudioVersion = 15.0.28307.421
MinimumVisualStudioVersion = 10.0.40219.1
Project("{FAE04EC0-301F-11D3-BF4B-00C04F79EFBC}") = "GerenciadorDeTarefas", "GerenciadorDeTarefas\GerenciadorDeTarefas.csproj", "{B3C1BF1E-173B-4BCB-B8E5-DCB360ED190F}"
EndProject
Global
	GlobalSection(SolutionConfigurationPlatforms) = preSolution
		Debug|Any CPU = Debug|Any CPU
		Release|Any CPU = Release|Any CPU
	EndGlobalSection
	GlobalSection(ProjectConfigurationPlatforms) = postSolution
		{B3C1BF1E-173B-4BCB-B8E5-DCB360ED190F}.Debug|Any CPU.ActiveCfg = Debug|Any CPU
		{B3C1BF1E-173B-4BCB-B8E5-DCB360ED190F}.Debug|Any CPU.Build.0 = Debug|Any CPU
		{B3C1BF1E-173B-4BCB-B8E5-DCB360ED190F}.Release|Any CPU.ActiveCfg = Release|Any CPU
		{B3C1BF1E-173B-4BCB-B8E5-DCB360ED190F}.Release|Any CPU.Build.0 = Release|Any CPU
	EndGlobalSection
	GlobalSection(SolutionProperties) = preSolution
		HideSolutionNode = FALSE
	EndGlobalSection
	GlobalSection(ExtensibilityGlobals) = postSolution
		SolutionGuid = {697A5E72-39E8-4DDD-A1FD-6F2B4C99D54E}
	EndGlobalSection
EndGlobal
